
Microsoft Visual Studio Solution File, Format Version 12.00
# Visual Studio Version 16
VisualStudioVersion = 16.0.30225.117
MinimumVisualStudioVersion = 10.0.40219.1
Project("{FAE04EC0-301F-11D3-BF4B-00C04F79EFBC}") = "Test2", "Test2\Test2.csproj", "{C5BD3CEA-4609-470A-9B23-E63BFAABABED}"
EndProject
Global
	GlobalSection(SolutionConfigurationPlatforms) = preSolution
		Debug|Any CPU = Debug|Any CPU
		Release|Any CPU = Release|Any CPU
	EndGlobalSection
	GlobalSection(ProjectConfigurationPlatforms) = postSolution
		{C5BD3CEA-4609-470A-9B23-E63BFAABABED}.Debug|Any CPU.ActiveCfg = Debug|Any CPU
		{C5BD3CEA-4609-470A-9B23-E63BFAABABED}.Debug|Any CPU.Build.0 = Debug|Any CPU
		{C5BD3CEA-4609-470A-9B23-E63BFAABABED}.Release|Any CPU.ActiveCfg = Release|Any CPU
		{C5BD3CEA-4609-470A-9B23-E63BFAABABED}.Release|Any CPU.Build.0 = Release|Any CPU
	EndGlobalSection
	GlobalSection(SolutionProperties) = preSolution
		HideSolutionNode = FALSE
	EndGlobalSection
	GlobalSection(ExtensibilityGlobals) = postSolution
		SolutionGuid = {A2680F01-E76A-4ADB-A520-5CEA8E0E8FE0}
	EndGlobalSection
EndGlobal
